{
  "name": "bao",
  "version": "1.0.0",
  "lockfileVersion": 1,
  "requires": true,
  "dependencies": {
    "1709a_bao": {
      "version": "1.0.2",
      "resolved": "https://registry.npmjs.org/1709a_bao/-/1709a_bao-1.0.2.tgz",
      "integrity": "sha512-n+6FKXkDDdrF8rQ0rh6yfEzUNW/9/vMh5uerVP11H8a84513Cj2+5eURcd5wM+J9UHMDQVryRyg+WFAICJmF7w=="
    },
    "1709aaa": {
      "version": "1.0.1",
      "resolved": "https://registry.npmjs.org/1709aaa/-/1709aaa-1.0.1.tgz",
      "integrity": "sha512-0y7y5rnljw6LRlxQiV8lRjqYYm+Hix9RD3gPJXMSz8wA5DGePznczURLmbMQwDxSUKof5zooLNjd1F3sLCSVYg==",
      "requires": {
        "1709a_bao": "1.0.2"
      }
    }
  }
}
